
Microsoft Visual Studio Solution File, Format Version 12.00
# Visual Studio Version 17
VisualStudioVersion = 17.14.36915.13
MinimumVisualStudioVersion = 10.0.40219.1
Project("{FAE04EC0-301F-11D3-BF4B-00C04F79EFBC}") = "Entertainment_Tracker", "Entertainment_Tracker\Entertainment_Tracker.csproj", "{753FB934-E0E5-40A9-BD36-0EEE485228DF}"
EndProject
Project("{FAE04EC0-301F-11D3-BF4B-00C04F79EFBC}") = "Entertainment_Tracker.Client", "Entertainment_Tracker.Client\Entertainment_Tracker.Client.csproj", "{5E4654E6-C5E6-429B-87C2-537E218880FD}"
EndProject
Global
	GlobalSection(SolutionConfigurationPlatforms) = preSolution
		Debug|Any CPU = Debug|Any CPU
		Release|Any CPU = Release|Any CPU
	EndGlobalSection
	GlobalSection(ProjectConfigurationPlatforms) = postSolution
		{753FB934-E0E5-40A9-BD36-0EEE485228DF}.Debug|Any CPU.ActiveCfg = Debug|Any CPU
		{753FB934-E0E5-40A9-BD36-0EEE485228DF}.Debug|Any CPU.Build.0 = Debug|Any CPU
		{753FB934-E0E5-40A9-BD36-0EEE485228DF}.Release|Any CPU.ActiveCfg = Release|Any CPU
		{753FB934-E0E5-40A9-BD36-0EEE485228DF}.Release|Any CPU.Build.0 = Release|Any CPU
		{5E4654E6-C5E6-429B-87C2-537E218880FD}.Debug|Any CPU.ActiveCfg = Debug|Any CPU
		{5E4654E6-C5E6-429B-87C2-537E218880FD}.Debug|Any CPU.Build.0 = Debug|Any CPU
		{5E4654E6-C5E6-429B-87C2-537E218880FD}.Release|Any CPU.ActiveCfg = Release|Any CPU
		{5E4654E6-C5E6-429B-87C2-537E218880FD}.Release|Any CPU.Build.0 = Release|Any CPU
	EndGlobalSection
	GlobalSection(SolutionProperties) = preSolution
		HideSolutionNode = FALSE
	EndGlobalSection
	GlobalSection(ExtensibilityGlobals) = postSolution
		SolutionGuid = {05408EAE-647F-427C-B948-942B65A1FC06}
	EndGlobalSection
EndGlobal
